
Microsoft Visual Studio Solution File, Format Version 10.00
# Visual Studio 2008
Project("{8BC9CEB8-8B4A-11D0-8D11-00A0C91BC942}") = "wifi", "wifi\wifi.vcproj", "{F139C5A0-ACA0-4485-B8A2-99AC6D237913}"
EndProject
Global
	GlobalSection(SolutionConfigurationPlatforms) = preSolution
		Debug|Win32 = Debug|Win32
		Release|Win32 = Release|Win32
	EndGlobalSection
	GlobalSection(ProjectConfigurationPlatforms) = postSolution
		{F139C5A0-ACA0-4485-B8A2-99AC6D237913}.Debug|Win32.ActiveCfg = Debug|Win32
		{F139C5A0-ACA0-4485-B8A2-99AC6D237913}.Debug|Win32.Build.0 = Debug|Win32
		{F139C5A0-ACA0-4485-B8A2-99AC6D237913}.Release|Win32.ActiveCfg = Release|Win32
		{F139C5A0-ACA0-4485-B8A2-99AC6D237913}.Release|Win32.Build.0 = Release|Win32
	EndGlobalSection
	GlobalSection(SolutionProperties) = preSolution
		HideSolutionNode = FALSE
	EndGlobalSection
EndGlobal
